
Microsoft Visual Studio Solution File, Format Version 11.00
# Visual Studio 2010
Project("{FAE04EC0-301F-11D3-BF4B-00C04F79EFBC}") = "NecroNet.Toolkit", "NecroNet.Toolkit\NecroNet.Toolkit.csproj", "{8F3540C7-8881-42A4-AE8C-83AFD12647E7}"
EndProject
Project("{FAE04EC0-301F-11D3-BF4B-00C04F79EFBC}") = "NecroNet.Toolkit.Tests", "NecroNet.Toolkit.Tests\NecroNet.Toolkit.Tests.csproj", "{26D76C63-0165-4CEB-AED9-2E43C2F45394}"
EndProject
Project("{FAE04EC0-301F-11D3-BF4B-00C04F79EFBC}") = "NecroNetToolkit.Web.Model", "NecroNetToolkit.Web.Model\NecroNetToolkit.Web.Model.csproj", "{5E1D7DB0-09AE-445D-BEB7-D9632BD1CD26}"
EndProject
Project("{FAE04EC0-301F-11D3-BF4B-00C04F79EFBC}") = "NecroNetToolkit.Web.Test", "NecroNetToolkit.Web.Test\NecroNetToolkit.Web.Test.csproj", "{4F549C71-B47E-4AAB-82AE-8BEE6DE45592}"
EndProject
Global
	GlobalSection(SolutionConfigurationPlatforms) = preSolution
		Debug|Any CPU = Debug|Any CPU
		Debug|Mixed Platforms = Debug|Mixed Platforms
		Debug|x86 = Debug|x86
		Release|Any CPU = Release|Any CPU
		Release|Mixed Platforms = Release|Mixed Platforms
		Release|x86 = Release|x86
	EndGlobalSection
	GlobalSection(ProjectConfigurationPlatforms) = postSolution
		{8F3540C7-8881-42A4-AE8C-83AFD12647E7}.Debug|Any CPU.ActiveCfg = Debug|Any CPU
		{8F3540C7-8881-42A4-AE8C-83AFD12647E7}.Debug|Any CPU.Build.0 = Debug|Any CPU
		{8F3540C7-8881-42A4-AE8C-83AFD12647E7}.Debug|Mixed Platforms.ActiveCfg = Debug|Any CPU
		{8F3540C7-8881-42A4-AE8C-83AFD12647E7}.Debug|Mixed Platforms.Build.0 = Debug|Any CPU
		{8F3540C7-8881-42A4-AE8C-83AFD12647E7}.Debug|x86.ActiveCfg = Debug|Any CPU
		{8F3540C7-8881-42A4-AE8C-83AFD12647E7}.Release|Any CPU.ActiveCfg = Release|Any CPU
		{8F3540C7-8881-42A4-AE8C-83AFD12647E7}.Release|Any CPU.Build.0 = Release|Any CPU
		{8F3540C7-8881-42A4-AE8C-83AFD12647E7}.Release|Mixed Platforms.ActiveCfg = Release|Any CPU
		{8F3540C7-8881-42A4-AE8C-83AFD12647E7}.Release|Mixed Platforms.Build.0 = Release|Any CPU
		{8F3540C7-8881-42A4-AE8C-83AFD12647E7}.Release|x86.ActiveCfg = Release|Any CPU
		{26D76C63-0165-4CEB-AED9-2E43C2F45394}.Debug|Any CPU.ActiveCfg = Debug|Any CPU
		{26D76C63-0165-4CEB-AED9-2E43C2F45394}.Debug|Any CPU.Build.0 = Debug|Any CPU
		{26D76C63-0165-4CEB-AED9-2E43C2F45394}.Debug|Mixed Platforms.ActiveCfg = Debug|Any CPU
		{26D76C63-0165-4CEB-AED9-2E43C2F45394}.Debug|Mixed Platforms.Build.0 = Debug|Any CPU
		{26D76C63-0165-4CEB-AED9-2E43C2F45394}.Debug|x86.ActiveCfg = Debug|Any CPU
		{26D76C63-0165-4CEB-AED9-2E43C2F45394}.Release|Any CPU.ActiveCfg = Release|Any CPU
		{26D76C63-0165-4CEB-AED9-2E43C2F45394}.Release|Any CPU.Build.0 = Release|Any CPU
		{26D76C63-0165-4CEB-AED9-2E43C2F45394}.Release|Mixed Platforms.ActiveCfg = Release|Any CPU
		{26D76C63-0165-4CEB-AED9-2E43C2F45394}.Release|Mixed Platforms.Build.0 = Release|Any CPU
		{26D76C63-0165-4CEB-AED9-2E43C2F45394}.Release|x86.ActiveCfg = Release|Any CPU
		{5E1D7DB0-09AE-445D-BEB7-D9632BD1CD26}.Debug|Any CPU.ActiveCfg = Debug|Any CPU
		{5E1D7DB0-09AE-445D-BEB7-D9632BD1CD26}.Debug|Any CPU.Build.0 = Debug|Any CPU
		{5E1D7DB0-09AE-445D-BEB7-D9632BD1CD26}.Debug|Mixed Platforms.ActiveCfg = Debug|Any CPU
		{5E1D7DB0-09AE-445D-BEB7-D9632BD1CD26}.Debug|Mixed Platforms.Build.0 = Debug|Any CPU
		{5E1D7DB0-09AE-445D-BEB7-D9632BD1CD26}.Debug|x86.ActiveCfg = Debug|Any CPU
		{5E1D7DB0-09AE-445D-BEB7-D9632BD1CD26}.Release|Any CPU.ActiveCfg = Release|Any CPU
		{5E1D7DB0-09AE-445D-BEB7-D9632BD1CD26}.Release|Any CPU.Build.0 = Release|Any CPU
		{5E1D7DB0-09AE-445D-BEB7-D9632BD1CD26}.Release|Mixed Platforms.ActiveCfg = Release|Any CPU
		{5E1D7DB0-09AE-445D-BEB7-D9632BD1CD26}.Release|Mixed Platforms.Build.0 = Release|Any CPU
		{5E1D7DB0-09AE-445D-BEB7-D9632BD1CD26}.Release|x86.ActiveCfg = Release|Any CPU
		{4F549C71-B47E-4AAB-82AE-8BEE6DE45592}.Debug|Any CPU.ActiveCfg = Debug|Any CPU
		{4F549C71-B47E-4AAB-82AE-8BEE6DE45592}.Debug|Any CPU.Build.0 = Debug|Any CPU
		{4F549C71-B47E-4AAB-82AE-8BEE6DE45592}.Debug|Mixed Platforms.ActiveCfg = Debug|Any CPU
		{4F549C71-B47E-4AAB-82AE-8BEE6DE45592}.Debug|Mixed Platforms.Build.0 = Debug|Any CPU
		{4F549C71-B47E-4AAB-82AE-8BEE6DE45592}.Debug|x86.ActiveCfg = Debug|Any CPU
		{4F549C71-B47E-4AAB-82AE-8BEE6DE45592}.Release|Any CPU.ActiveCfg = Release|Any CPU
		{4F549C71-B47E-4AAB-82AE-8BEE6DE45592}.Release|Any CPU.Build.0 = Release|Any CPU
		{4F549C71-B47E-4AAB-82AE-8BEE6DE45592}.Release|Mixed Platforms.ActiveCfg = Release|Any CPU
		{4F549C71-B47E-4AAB-82AE-8BEE6DE45592}.Release|Mixed Platforms.Build.0 = Release|Any CPU
		{4F549C71-B47E-4AAB-82AE-8BEE6DE45592}.Release|x86.ActiveCfg = Release|Any CPU
	EndGlobalSection
	GlobalSection(SolutionProperties) = preSolution
		HideSolutionNode = FALSE
	EndGlobalSection
	GlobalSection(ExtensibilityGlobals) = postSolution
		EnterpriseLibraryConfigurationToolBinariesPath = packages\Unity.2.1.505.0\lib\NET35
	EndGlobalSection
EndGlobal
